// !$*UTF8*$!
{
	archiveVersion = 1;
	classes = {
	};
	objectVersion = 46;
	objects = {

/* Begin PBXBuildFile section */
		30AAE3BA1C02B5E100CD94D5 /* public_key.der in Resources */ = {isa = PBXBuildFile; fileRef = 30AAE3B91C02B5E100CD94D5 /* public_key.der */; };
		30AAE3C21C02BA7F00CD94D5 /* logo.png in Resources */ = {isa = PBXBuildFile; fileRef = 30AAE3BD1C02BA7F00CD94D5 /* logo.png */; };
		30AAE3C31C02BA7F00CD94D5 /* startImage1.png in Resources */ = {isa = PBXBuildFile; fileRef = 30AAE3BE1C02BA7F00CD94D5 /* startImage1.png */; };
		30AAE3C41C02BA7F00CD94D5 /* startImage2.png in Resources */ = {isa = PBXBuildFile; fileRef = 30AAE3BF1C02BA7F00CD94D5 /* startImage2.png */; };
		30AAE3C51C02BA7F00CD94D5 /* startImage3.png in Resources */ = {isa = PBXBuildFile; fileRef = 30AAE3C01C02BA7F00CD94D5 /* startImage3.png */; };
		30AAE3C61C02BA7F00CD94D5 /* startImage4.png in Resources */ = {isa = PBXBuildFile; fileRef = 30AAE3C11C02BA7F00CD94D5 /* startImage4.png */; };
		30AAE3C91C02BB7D00CD94D5 /* YFStartView.m in Sources */ = {isa = PBXBuildFile; fileRef = 30AAE3C81C02BB7D00CD94D5 /* YFStartView.m */; };
		30AAE3CE1C02BBFB00CD94D5 /* StartButtomView.m in Sources */ = {isa = PBXBuildFile; fileRef = 30AAE3CC1C02BBFB00CD94D5 /* StartButtomView.m */; };
		30AAE3CF1C02BBFB00CD94D5 /* StartButtomView.xib in Resources */ = {isa = PBXBuildFile; fileRef = 30AAE3CD1C02BBFB00CD94D5 /* StartButtomView.xib */; };
		30AAE3D51C02C08F00CD94D5 /* UIColor+expanded.m in Sources */ = {isa = PBXBuildFile; fileRef = 30AAE3D41C02C08F00CD94D5 /* UIColor+expanded.m */; };
		30AAE3D91C02C11100CD94D5 /* SMPageControl.m in Sources */ = {isa = PBXBuildFile; fileRef = 30AAE3D81C02C11100CD94D5 /* SMPageControl.m */; };
		30AAE3DD1C02C15D00CD94D5 /* IntroductionViewController.m in Sources */ = {isa = PBXBuildFile; fileRef = 30AAE3DC1C02C15D00CD94D5 /* IntroductionViewController.m */; };
		30AAE3FE1C02C1F600CD94D5 /* intro_dot_selected@2x.png in Resources */ = {isa = PBXBuildFile; fileRef = 30AAE3E01C02C1F600CD94D5 /* intro_dot_selected@2x.png */; };
		30AAE3FF1C02C1F600CD94D5 /* intro_dot_selected@3x.png in Resources */ = {isa = PBXBuildFile; fileRef = 30AAE3E11C02C1F600CD94D5 /* intro_dot_selected@3x.png */; };
		30AAE4001C02C1F600CD94D5 /* intro_dot_unselected@2x.png in Resources */ = {isa = PBXBuildFile; fileRef = 30AAE3E21C02C1F600CD94D5 /* intro_dot_unselected@2x.png */; };
		30AAE4011C02C1F600CD94D5 /* intro_dot_unselected@3x.png in Resources */ = {isa = PBXBuildFile; fileRef = 30AAE3E31C02C1F600CD94D5 /* intro_dot_unselected@3x.png */; };
		30AAE4021C02C1F600CD94D5 /* intro_icon_0@2x.png in Resources */ = {isa = PBXBuildFile; fileRef = 30AAE3E41C02C1F600CD94D5 /* intro_icon_0@2x.png */; };
		30AAE4031C02C1F600CD94D5 /* intro_icon_0@3x.png in Resources */ = {isa = PBXBuildFile; fileRef = 30AAE3E51C02C1F600CD94D5 /* intro_icon_0@3x.png */; };
		30AAE4041C02C1F600CD94D5 /* intro_icon_1@2x.png in Resources */ = {isa = PBXBuildFile; fileRef = 30AAE3E61C02C1F600CD94D5 /* intro_icon_1@2x.png */; };
		30AAE4051C02C1F600CD94D5 /* intro_icon_1@3x.png in Resources */ = {isa = PBXBuildFile; fileRef = 30AAE3E71C02C1F600CD94D5 /* intro_icon_1@3x.png */; };
		30AAE4061C02C1F600CD94D5 /* intro_icon_2@2x.png in Resources */ = {isa = PBXBuildFile; fileRef = 30AAE3E81C02C1F600CD94D5 /* intro_icon_2@2x.png */; };
		30AAE4071C02C1F600CD94D5 /* intro_icon_2@3x.png in Resources */ = {isa = PBXBuildFile; fileRef = 30AAE3E91C02C1F600CD94D5 /* intro_icon_2@3x.png */; };
		30AAE4081C02C1F600CD94D5 /* intro_icon_3@2x.png in Resources */ = {isa = PBXBuildFile; fileRef = 30AAE3EA1C02C1F600CD94D5 /* intro_icon_3@2x.png */; };
		30AAE4091C02C1F600CD94D5 /* intro_icon_3@3x.png in Resources */ = {isa = PBXBuildFile; fileRef = 30AAE3EB1C02C1F600CD94D5 /* intro_icon_3@3x.png */; };
		30AAE40A1C02C1F600CD94D5 /* intro_icon_4@2x.png in Resources */ = {isa = PBXBuildFile; fileRef = 30AAE3EC1C02C1F600CD94D5 /* intro_icon_4@2x.png */; };
		30AAE40B1C02C1F600CD94D5 /* intro_icon_4@3x.png in Resources */ = {isa = PBXBuildFile; fileRef = 30AAE3ED1C02C1F600CD94D5 /* intro_icon_4@3x.png */; };
		30AAE40C1C02C1F600CD94D5 /* intro_icon_5@2x.png in Resources */ = {isa = PBXBuildFile; fileRef = 30AAE3EE1C02C1F600CD94D5 /* intro_icon_5@2x.png */; };
		30AAE40D1C02C1F600CD94D5 /* intro_icon_5@3x.png in Resources */ = {isa = PBXBuildFile; fileRef = 30AAE3EF1C02C1F600CD94D5 /* intro_icon_5@3x.png */; };
		30AAE40E1C02C1F600CD94D5 /* intro_icon_6@2x.png in Resources */ = {isa = PBXBuildFile; fileRef = 30AAE3F01C02C1F600CD94D5 /* intro_icon_6@2x.png */; };
		30AAE40F1C02C1F600CD94D5 /* intro_icon_6@3x.png in Resources */ = {isa = PBXBuildFile; fileRef = 30AAE3F11C02C1F600CD94D5 /* intro_icon_6@3x.png */; };
		30AAE4101C02C1F600CD94D5 /* intro_tip_0@2x.png in Resources */ = {isa = PBXBuildFile; fileRef = 30AAE3F21C02C1F600CD94D5 /* intro_tip_0@2x.png */; };
		30AAE4111C02C1F600CD94D5 /* intro_tip_0@3x.png in Resources */ = {isa = PBXBuildFile; fileRef = 30AAE3F31C02C1F600CD94D5 /* intro_tip_0@3x.png */; };
		30AAE4121C02C1F600CD94D5 /* intro_tip_1@2x.png in Resources */ = {isa = PBXBuildFile; fileRef = 30AAE3F41C02C1F600CD94D5 /* intro_tip_1@2x.png */; };
		30AAE4131C02C1F600CD94D5 /* intro_tip_1@3x.png in Resources */ = {isa = PBXBuildFile; fileRef = 30AAE3F51C02C1F600CD94D5 /* intro_tip_1@3x.png */; };
		30AAE4141C02C1F600CD94D5 /* intro_tip_2@2x.png in Resources */ = {isa = PBXBuildFile; fileRef = 30AAE3F61C02C1F600CD94D5 /* intro_tip_2@2x.png */; };
		30AAE4151C02C1F600CD94D5 /* intro_tip_2@3x.png in Resources */ = {isa = PBXBuildFile; fileRef = 30AAE3F71C02C1F600CD94D5 /* intro_tip_2@3x.png */; };
		30AAE4161C02C1F600CD94D5 /* intro_tip_3@2x.png in Resources */ = {isa = PBXBuildFile; fileRef = 30AAE3F81C02C1F600CD94D5 /* intro_tip_3@2x.png */; };
		30AAE4171C02C1F600CD94D5 /* intro_tip_3@3x.png in Resources */ = {isa = PBXBuildFile; fileRef = 30AAE3F91C02C1F600CD94D5 /* intro_tip_3@3x.png */; };
		30AAE4181C02C1F600CD94D5 /* intro_tip_4@2x.png in Resources */ = {isa = PBXBuildFile; fileRef = 30AAE3FA1C02C1F600CD94D5 /* intro_tip_4@2x.png */; };
		30AAE4191C02C1F600CD94D5 /* intro_tip_4@3x.png in Resources */ = {isa = PBXBuildFile; fileRef = 30AAE3FB1C02C1F600CD94D5 /* intro_tip_4@3x.png */; };
		30AAE41A1C02C1F600CD94D5 /* intro_tip_5@2x.png in Resources */ = {isa = PBXBuildFile; fileRef = 30AAE3FC1C02C1F600CD94D5 /* intro_tip_5@2x.png */; };
		30AAE41B1C02C1F600CD94D5 /* intro_tip_5@3x.png in Resources */ = {isa = PBXBuildFile; fileRef = 30AAE3FD1C02C1F600CD94D5 /* intro_tip_5@3x.png */; };
		7BFB8F4343390DAA1FE273AA /* libPods.a in Frameworks */ = {isa = PBXBuildFile; fileRef = 60A0CAC4C28DE69D69868F29 /* libPods.a */; };
		AC18EA651BFF76960092F7D9 /* NetworkManager.m in Sources */ = {isa = PBXBuildFile; fileRef = AC18EA641BFF76960092F7D9 /* NetworkManager.m */; };
		AC39B90B1BFF649A001CE453 /* main.m in Sources */ = {isa = PBXBuildFile; fileRef = AC39B90A1BFF649A001CE453 /* main.m */; };
		AC39B90E1BFF649A001CE453 /* AppDelegate.m in Sources */ = {isa = PBXBuildFile; fileRef = AC39B90D1BFF649A001CE453 /* AppDelegate.m */; };
		AC39B9171BFF649A001CE453 /* MoliStudy.xcdatamodeld in Sources */ = {isa = PBXBuildFile; fileRef = AC39B9151BFF649A001CE453 /* MoliStudy.xcdatamodeld */; };
		AC39B9191BFF649A001CE453 /* Assets.xcassets in Resources */ = {isa = PBXBuildFile; fileRef = AC39B9181BFF649A001CE453 /* Assets.xcassets */; };
		AC39B91C1BFF649A001CE453 /* LaunchScreen.storyboard in Resources */ = {isa = PBXBuildFile; fileRef = AC39B91A1BFF649A001CE453 /* LaunchScreen.storyboard */; };
		AC39B9271BFF649B001CE453 /* MoliStudyTests.m in Sources */ = {isa = PBXBuildFile; fileRef = AC39B9261BFF649B001CE453 /* MoliStudyTests.m */; };
		AC39B9321BFF649B001CE453 /* MoliStudyUITests.m in Sources */ = {isa = PBXBuildFile; fileRef = AC39B9311BFF649B001CE453 /* MoliStudyUITests.m */; };
		AC53B78C1C0146FC007D3FE8 /* Report+CoreDataProperties.m in Sources */ = {isa = PBXBuildFile; fileRef = AC53B77D1C0146FC007D3FE8 /* Report+CoreDataProperties.m */; };
		AC53B78D1C0146FC007D3FE8 /* Report.m in Sources */ = {isa = PBXBuildFile; fileRef = AC53B77F1C0146FC007D3FE8 /* Report.m */; };
		AC53B78E1C0146FC007D3FE8 /* Practice+CoreDataProperties.m in Sources */ = {isa = PBXBuildFile; fileRef = AC53B7811C0146FC007D3FE8 /* Practice+CoreDataProperties.m */; };
		AC53B78F1C0146FC007D3FE8 /* Practice.m in Sources */ = {isa = PBXBuildFile; fileRef = AC53B7831C0146FC007D3FE8 /* Practice.m */; };
		AC53B7901C0146FC007D3FE8 /* Account+CoreDataProperties.m in Sources */ = {isa = PBXBuildFile; fileRef = AC53B7851C0146FC007D3FE8 /* Account+CoreDataProperties.m */; };
		AC53B7911C0146FC007D3FE8 /* Account.m in Sources */ = {isa = PBXBuildFile; fileRef = AC53B7871C0146FC007D3FE8 /* Account.m */; };
		AC53B7921C0146FC007D3FE8 /* Record+CoreDataProperties.m in Sources */ = {isa = PBXBuildFile; fileRef = AC53B7891C0146FC007D3FE8 /* Record+CoreDataProperties.m */; };
		AC53B7931C0146FC007D3FE8 /* Record.m in Sources */ = {isa = PBXBuildFile; fileRef = AC53B78B1C0146FC007D3FE8 /* Record.m */; };
		AC53B79E1C01474B007D3FE8 /* PracticeDao.m in Sources */ = {isa = PBXBuildFile; fileRef = AC53B7951C01474B007D3FE8 /* PracticeDao.m */; };
		AC53B79F1C01474B007D3FE8 /* RecordDao.m in Sources */ = {isa = PBXBuildFile; fileRef = AC53B7971C01474B007D3FE8 /* RecordDao.m */; };
		AC53B7A01C01474B007D3FE8 /* AccountDao.m in Sources */ = {isa = PBXBuildFile; fileRef = AC53B7991C01474B007D3FE8 /* AccountDao.m */; };
		AC53B7A11C01474B007D3FE8 /* DAOContext.m in Sources */ = {isa = PBXBuildFile; fileRef = AC53B79B1C01474B007D3FE8 /* DAOContext.m */; };
		AC53B7A21C01474B007D3FE8 /* ReportDAO.m in Sources */ = {isa = PBXBuildFile; fileRef = AC53B79D1C01474B007D3FE8 /* ReportDAO.m */; };
		AC53B7A61C014AA8007D3FE8 /* UtilityBL.m in Sources */ = {isa = PBXBuildFile; fileRef = AC53B7A51C014AA8007D3FE8 /* UtilityBL.m */; };
		AC53B7B11C014BFE007D3FE8 /* PracticeBL.m in Sources */ = {isa = PBXBuildFile; fileRef = AC53B7AA1C014BFE007D3FE8 /* PracticeBL.m */; };
		AC53B7B21C014BFE007D3FE8 /* RecordBL.m in Sources */ = {isa = PBXBuildFile; fileRef = AC53B7AC1C014BFE007D3FE8 /* RecordBL.m */; };
		AC53B7B31C014BFE007D3FE8 /* AccountBL.m in Sources */ = {isa = PBXBuildFile; fileRef = AC53B7AE1C014BFE007D3FE8 /* AccountBL.m */; };
		AC53B7B41C014BFE007D3FE8 /* ReportBL.m in Sources */ = {isa = PBXBuildFile; fileRef = AC53B7B01C014BFE007D3FE8 /* ReportBL.m */; };
		AC53B7B71C014C42007D3FE8 /* RSA.m in Sources */ = {isa = PBXBuildFile; fileRef = AC53B7B61C014C42007D3FE8 /* RSA.m */; };
		AC53B7BB1C014CE7007D3FE8 /* GTMBase64.m in Sources */ = {isa = PBXBuildFile; fileRef = AC53B7B91C014CE7007D3FE8 /* GTMBase64.m */; };
		AC53B7C11C014E26007D3FE8 /* TestViewController.m in Sources */ = {isa = PBXBuildFile; fileRef = AC53B7BF1C014E26007D3FE8 /* TestViewController.m */; };
		AC53B7C21C014E26007D3FE8 /* TestViewController.xib in Resources */ = {isa = PBXBuildFile; fileRef = AC53B7C01C014E26007D3FE8 /* TestViewController.xib */; };
		AC53B7C51C01518A007D3FE8 /* Security.framework in Frameworks */ = {isa = PBXBuildFile; fileRef = AC53B7C41C01518A007D3FE8 /* Security.framework */; };
		AC53B7D11C016122007D3FE8 /* SMS_SDKLocalizable.strings in Resources */ = {isa = PBXBuildFile; fileRef = AC53B7CC1C016122007D3FE8 /* SMS_SDKLocalizable.strings */; };
		AC53B7D21C016122007D3FE8 /* MOBFoundation.framework in Frameworks */ = {isa = PBXBuildFile; fileRef = AC53B7CE1C016122007D3FE8 /* MOBFoundation.framework */; };
		AC53B7D31C016122007D3FE8 /* SMS_SDK.framework in Frameworks */ = {isa = PBXBuildFile; fileRef = AC53B7CF1C016122007D3FE8 /* SMS_SDK.framework */; };
		AC53B7D51C016777007D3FE8 /* MessageUI.framework in Frameworks */ = {isa = PBXBuildFile; fileRef = AC53B7D41C016777007D3FE8 /* MessageUI.framework */; };
		AC53B7D71C016783007D3FE8 /* JavaScriptCore.framework in Frameworks */ = {isa = PBXBuildFile; fileRef = AC53B7D61C016783007D3FE8 /* JavaScriptCore.framework */; };
		AC53B7D91C016851007D3FE8 /* libicucore.tbd in Frameworks */ = {isa = PBXBuildFile; fileRef = AC53B7D81C016851007D3FE8 /* libicucore.tbd */; };
		AC53B7DB1C01685E007D3FE8 /* libz.tbd in Frameworks */ = {isa = PBXBuildFile; fileRef = AC53B7DA1C01685E007D3FE8 /* libz.tbd */; };
		AC53B7DD1C01686B007D3FE8 /* libstdc++.tbd in Frameworks */ = {isa = PBXBuildFile; fileRef = AC53B7DC1C01686B007D3FE8 /* libstdc++.tbd */; };
/* End PBXBuildFile section */

/* Begin PBXContainerItemProxy section */
		AC39B9231BFF649B001CE453 /* PBXContainerItemProxy */ = {
			isa = PBXContainerItemProxy;
			containerPortal = AC39B8FE1BFF649A001CE453 /* Project object */;
			proxyType = 1;
			remoteGlobalIDString = AC39B9051BFF649A001CE453;
			remoteInfo = MoliStudy;
		};
		AC39B92E1BFF649B001CE453 /* PBXContainerItemProxy */ = {
			isa = PBXContainerItemProxy;
			containerPortal = AC39B8FE1BFF649A001CE453 /* Project object */;
			proxyType = 1;
			remoteGlobalIDString = AC39B9051BFF649A001CE453;
			remoteInfo = MoliStudy;
		};
/* End PBXContainerItemProxy section */

/* Begin PBXFileReference section */
		023B0FA0A76EAEEB884B9ABD /* Pods.release.xcconfig */ = {isa = PBXFileReference; includeInIndex = 1; lastKnownFileType = text.xcconfig; name = Pods.release.xcconfig; path = "Pods/Target Support Files/Pods/Pods.release.xcconfig"; sourceTree = "<group>"; };
		30AAE3B91C02B5E100CD94D5 /* public_key.der */ = {isa = PBXFileReference; lastKnownFileType = file; name = public_key.der; path = ../public_key.der; sourceTree = "<group>"; };
		30AAE3BD1C02BA7F00CD94D5 /* logo.png */ = {isa = PBXFileReference; lastKnownFileType = image.png; path = logo.png; sourceTree = "<group>"; };
		30AAE3BE1C02BA7F00CD94D5 /* startImage1.png */ = {isa = PBXFileReference; lastKnownFileType = image.png; path = startImage1.png; sourceTree = "<group>"; };
		30AAE3BF1C02BA7F00CD94D5 /* startImage2.png */ = {isa = PBXFileReference; lastKnownFileType = image.png; path = startImage2.png; sourceTree = "<group>"; };
		30AAE3C01C02BA7F00CD94D5 /* startImage3.png */ = {isa = PBXFileReference; lastKnownFileType = image.png; path = startImage3.png; sourceTree = "<group>"; };
		30AAE3C11C02BA7F00CD94D5 /* startImage4.png */ = {isa = PBXFileReference; lastKnownFileType = image.png; path = startImage4.png; sourceTree = "<group>"; };
		30AAE3C71C02BB7D00CD94D5 /* YFStartView.h */ = {isa = PBXFileReference; fileEncoding = 4; lastKnownFileType = sourcecode.c.h; name = YFStartView.h; path = Resource/YFStartView.h; sourceTree = "<group>"; };
		30AAE3C81C02BB7D00CD94D5 /* YFStartView.m */ = {isa = PBXFileReference; fileEncoding = 4; lastKnownFileType = sourcecode.c.objc; name = YFStartView.m; path = Resource/YFStartView.m; sourceTree = "<group>"; };
		30AAE3CB1C02BBFB00CD94D5 /* StartButtomView.h */ = {isa = PBXFileReference; fileEncoding = 4; lastKnownFileType = sourcecode.c.h; path = StartButtomView.h; sourceTree = "<group>"; };
		30AAE3CC1C02BBFB00CD94D5 /* StartButtomView.m */ = {isa = PBXFileReference; fileEncoding = 4; lastKnownFileType = sourcecode.c.objc; path = StartButtomView.m; sourceTree = "<group>"; };
		30AAE3CD1C02BBFB00CD94D5 /* StartButtomView.xib */ = {isa = PBXFileReference; fileEncoding = 4; lastKnownFileType = file.xib; path = StartButtomView.xib; sourceTree = "<group>"; };
		30AAE3D21C02C01600CD94D5 /* MoliStudy.pch */ = {isa = PBXFileReference; lastKnownFileType = sourcecode.c.h; path = MoliStudy.pch; sourceTree = SOURCE_ROOT; };
		30AAE3D31C02C08F00CD94D5 /* UIColor+expanded.h */ = {isa = PBXFileReference; fileEncoding = 4; lastKnownFileType = sourcecode.c.h; path = "UIColor+expanded.h"; sourceTree = "<group>"; };
		30AAE3D41C02C08F00CD94D5 /* UIColor+expanded.m */ = {isa = PBXFileReference; fileEncoding = 4; lastKnownFileType = sourcecode.c.objc; path = "UIColor+expanded.m"; sourceTree = "<group>"; };
		30AAE3D71C02C11100CD94D5 /* SMPageControl.h */ = {isa = PBXFileReference; fileEncoding = 4; lastKnownFileType = sourcecode.c.h; path = SMPageControl.h; sourceTree = "<group>"; };
		30AAE3D81C02C11100CD94D5 /* SMPageControl.m */ = {isa = PBXFileReference; fileEncoding = 4; lastKnownFileType = sourcecode.c.objc; path = SMPageControl.m; sourceTree = "<group>"; };
		30AAE3DB1C02C15D00CD94D5 /* IntroductionViewController.h */ = {isa = PBXFileReference; fileEncoding = 4; lastKnownFileType = sourcecode.c.h; path = IntroductionViewController.h; sourceTree = "<group>"; };
		30AAE3DC1C02C15D00CD94D5 /* IntroductionViewController.m */ = {isa = PBXFileReference; fileEncoding = 4; lastKnownFileType = sourcecode.c.objc; path = IntroductionViewController.m; sourceTree = "<group>"; };
		30AAE3E01C02C1F600CD94D5 /* intro_dot_selected@2x.png */ = {isa = PBXFileReference; lastKnownFileType = image.png; path = "intro_dot_selected@2x.png"; sourceTree = "<group>"; };
		30AAE3E11C02C1F600CD94D5 /* intro_dot_selected@3x.png */ = {isa = PBXFileReference; lastKnownFileType = image.png; path = "intro_dot_selected@3x.png"; sourceTree = "<group>"; };
		30AAE3E21C02C1F600CD94D5 /* intro_dot_unselected@2x.png */ = {isa = PBXFileReference; lastKnownFileType = image.png; path = "intro_dot_unselected@2x.png"; sourceTree = "<group>"; };
		30AAE3E31C02C1F600CD94D5 /* intro_dot_unselected@3x.png */ = {isa = PBXFileReference; lastKnownFileType = image.png; path = "intro_dot_unselected@3x.png"; sourceTree = "<group>"; };
		30AAE3E41C02C1F600CD94D5 /* intro_icon_0@2x.png */ = {isa = PBXFileReference; lastKnownFileType = image.png; path = "intro_icon_0@2x.png"; sourceTree = "<group>"; };
		30AAE3E51C02C1F600CD94D5 /* intro_icon_0@3x.png */ = {isa = PBXFileReference; lastKnownFileType = image.png; path = "intro_icon_0@3x.png"; sourceTree = "<group>"; };
		30AAE3E61C02C1F600CD94D5 /* intro_icon_1@2x.png */ = {isa = PBXFileReference; lastKnownFileType = image.png; path = "intro_icon_1@2x.png"; sourceTree = "<group>"; };
		30AAE3E71C02C1F600CD94D5 /* intro_icon_1@3x.png */ = {isa = PBXFileReference; lastKnownFileType = image.png; path = "intro_icon_1@3x.png"; sourceTree = "<group>"; };
		30AAE3E81C02C1F600CD94D5 /* intro_icon_2@2x.png */ = {isa = PBXFileReference; lastKnownFileType = image.png; path = "intro_icon_2@2x.png"; sourceTree = "<group>"; };
		30AAE3E91C02C1F600CD94D5 /* intro_icon_2@3x.png */ = {isa = PBXFileReference; lastKnownFileType = image.png; path = "intro_icon_2@3x.png"; sourceTree = "<group>"; };
		30AAE3EA1C02C1F600CD94D5 /* intro_icon_3@2x.png */ = {isa = PBXFileReference; lastKnownFileType = image.png; path = "intro_icon_3@2x.png"; sourceTree = "<group>"; };
		30AAE3EB1C02C1F600CD94D5 /* intro_icon_3@3x.png */ = {isa = PBXFileReference; lastKnownFileType = image.png; path = "intro_icon_3@3x.png"; sourceTree = "<group>"; };
		30AAE3EC1C02C1F600CD94D5 /* intro_icon_4@2x.png */ = {isa = PBXFileReference; lastKnownFileType = image.png; path = "intro_icon_4@2x.png"; sourceTree = "<group>"; };
		30AAE3ED1C02C1F600CD94D5 /* intro_icon_4@3x.png */ = {isa = PBXFileReference; lastKnownFileType = image.png; path = "intro_icon_4@3x.png"; sourceTree = "<group>"; };
		30AAE3EE1C02C1F600CD94D5 /* intro_icon_5@2x.png */ = {isa = PBXFileReference; lastKnownFileType = image.png; path = "intro_icon_5@2x.png"; sourceTree = "<group>"; };
		30AAE3EF1C02C1F600CD94D5 /* intro_icon_5@3x.png */ = {isa = PBXFileReference; lastKnownFileType = image.png; path = "intro_icon_5@3x.png"; sourceTree = "<group>"; };
		30AAE3F01C02C1F600CD94D5 /* intro_icon_6@2x.png */ = {isa = PBXFileReference; lastKnownFileType = image.png; path = "intro_icon_6@2x.png"; sourceTree = "<group>"; };
		30AAE3F11C02C1F600CD94D5 /* intro_icon_6@3x.png */ = {isa = PBXFileReference; lastKnownFileType = image.png; path = "intro_icon_6@3x.png"; sourceTree = "<group>"; };
		30AAE3F21C02C1F600CD94D5 /* intro_tip_0@2x.png */ = {isa = PBXFileReference; lastKnownFileType = image.png; path = "intro_tip_0@2x.png"; sourceTree = "<group>"; };
		30AAE3F31C02C1F600CD94D5 /* intro_tip_0@3x.png */ = {isa = PBXFileReference; lastKnownFileType = image.png; path = "intro_tip_0@3x.png"; sourceTree = "<group>"; };
		30AAE3F41C02C1F600CD94D5 /* intro_tip_1@2x.png */ = {isa = PBXFileReference; lastKnownFileType = image.png; path = "intro_tip_1@2x.png"; sourceTree = "<group>"; };
		30AAE3F51C02C1F600CD94D5 /* intro_tip_1@3x.png */ = {isa = PBXFileReference; lastKnownFileType = image.png; path = "intro_tip_1@3x.png"; sourceTree = "<group>"; };
		30AAE3F61C02C1F600CD94D5 /* intro_tip_2@2x.png */ = {isa = PBXFileReference; lastKnownFileType = image.png; path = "intro_tip_2@2x.png"; sourceTree = "<group>"; };
		30AAE3F71C02C1F600CD94D5 /* intro_tip_2@3x.png */ = {isa = PBXFileReference; lastKnownFileType = image.png; path = "intro_tip_2@3x.png"; sourceTree = "<group>"; };
		30AAE3F81C02C1F600CD94D5 /* intro_tip_3@2x.png */ = {isa = PBXFileReference; lastKnownFileType = image.png; path = "intro_tip_3@2x.png"; sourceTree = "<group>"; };
		30AAE3F91C02C1F600CD94D5 /* intro_tip_3@3x.png */ = {isa = PBXFileReference; lastKnownFileType = image.png; path = "intro_tip_3@3x.png"; sourceTree = "<group>"; };
		30AAE3FA1C02C1F600CD94D5 /* intro_tip_4@2x.png */ = {isa = PBXFileReference; lastKnownFileType = image.png; path = "intro_tip_4@2x.png"; sourceTree = "<group>"; };
		30AAE3FB1C02C1F600CD94D5 /* intro_tip_4@3x.png */ = {isa = PBXFileReference; lastKnownFileType = image.png; path = "intro_tip_4@3x.png"; sourceTree = "<group>"; };
		30AAE3FC1C02C1F600CD94D5 /* intro_tip_5@2x.png */ = {isa = PBXFileReference; lastKnownFileType = image.png; path = "intro_tip_5@2x.png"; sourceTree = "<group>"; };
		30AAE3FD1C02C1F600CD94D5 /* intro_tip_5@3x.png */ = {isa = PBXFileReference; lastKnownFileType = image.png; path = "intro_tip_5@3x.png"; sourceTree = "<group>"; };
		60A0CAC4C28DE69D69868F29 /* libPods.a */ = {isa = PBXFileReference; explicitFileType = archive.ar; includeInIndex = 0; path = libPods.a; sourceTree = BUILT_PRODUCTS_DIR; };
		95456BA8E0DB14D551D3A063 /* Pods.debug.xcconfig */ = {isa = PBXFileReference; includeInIndex = 1; lastKnownFileType = text.xcconfig; name = Pods.debug.xcconfig; path = "Pods/Target Support Files/Pods/Pods.debug.xcconfig"; sourceTree = "<group>"; };
		AC18EA631BFF76960092F7D9 /* NetworkManager.h */ = {isa = PBXFileReference; fileEncoding = 4; lastKnownFileType = sourcecode.c.h; path = NetworkManager.h; sourceTree = "<group>"; };
		AC18EA641BFF76960092F7D9 /* NetworkManager.m */ = {isa = PBXFileReference; fileEncoding = 4; lastKnownFileType = sourcecode.c.objc; path = NetworkManager.m; sourceTree = "<group>"; };
		AC39B9061BFF649A001CE453 /* MoliStudy.app */ = {isa = PBXFileReference; explicitFileType = wrapper.application; includeInIndex = 0; path = MoliStudy.app; sourceTree = BUILT_PRODUCTS_DIR; };
		AC39B90A1BFF649A001CE453 /* main.m */ = {isa = PBXFileReference; lastKnownFileType = sourcecode.c.objc; path = main.m; sourceTree = "<group>"; };
		AC39B90C1BFF649A001CE453 /* AppDelegate.h */ = {isa = PBXFileReference; lastKnownFileType = sourcecode.c.h; path = AppDelegate.h; sourceTree = "<group>"; };
		AC39B90D1BFF649A001CE453 /* AppDelegate.m */ = {isa = PBXFileReference; lastKnownFileType = sourcecode.c.objc; path = AppDelegate.m; sourceTree = "<group>"; };
		AC39B9161BFF649A001CE453 /* MoliStudy.xcdatamodel */ = {isa = PBXFileReference; lastKnownFileType = wrapper.xcdatamodel; path = MoliStudy.xcdatamodel; sourceTree = "<group>"; };
		AC39B9181BFF649A001CE453 /* Assets.xcassets */ = {isa = PBXFileReference; lastKnownFileType = folder.assetcatalog; path = Assets.xcassets; sourceTree = "<group>"; };
		AC39B91B1BFF649A001CE453 /* Base */ = {isa = PBXFileReference; lastKnownFileType = file.storyboard; name = Base; path = Base.lproj/LaunchScreen.storyboard; sourceTree = "<group>"; };
		AC39B91D1BFF649A001CE453 /* Info.plist */ = {isa = PBXFileReference; lastKnownFileType = text.plist.xml; path = Info.plist; sourceTree = "<group>"; };
		AC39B9221BFF649B001CE453 /* MoliStudyTests.xctest */ = {isa = PBXFileReference; explicitFileType = wrapper.cfbundle; includeInIndex = 0; path = MoliStudyTests.xctest; sourceTree = BUILT_PRODUCTS_DIR; };
		AC39B9261BFF649B001CE453 /* MoliStudyTests.m */ = {isa = PBXFileReference; lastKnownFileType = sourcecode.c.objc; path = MoliStudyTests.m; sourceTree = "<group>"; };
		AC39B9281BFF649B001CE453 /* Info.plist */ = {isa = PBXFileReference; lastKnownFileType = text.plist.xml; path = Info.plist; sourceTree = "<group>"; };
		AC39B92D1BFF649B001CE453 /* MoliStudyUITests.xctest */ = {isa = PBXFileReference; explicitFileType = wrapper.cfbundle; includeInIndex = 0; path = MoliStudyUITests.xctest; sourceTree = BUILT_PRODUCTS_DIR; };
		AC39B9311BFF649B001CE453 /* MoliStudyUITests.m */ = {isa = PBXFileReference; lastKnownFileType = sourcecode.c.objc; path = MoliStudyUITests.m; sourceTree = "<group>"; };
		AC39B9331BFF649B001CE453 /* Info.plist */ = {isa = PBXFileReference; lastKnownFileType = text.plist.xml; path = Info.plist; sourceTree = "<group>"; };
		AC53B77C1C0146FC007D3FE8 /* Report+CoreDataProperties.h */ = {isa = PBXFileReference; fileEncoding = 4; lastKnownFileType = sourcecode.c.h; path = "Report+CoreDataProperties.h"; sourceTree = "<group>"; };
		AC53B77D1C0146FC007D3FE8 /* Report+CoreDataProperties.m */ = {isa = PBXFileReference; fileEncoding = 4; lastKnownFileType = sourcecode.c.objc; path = "Report+CoreDataProperties.m"; sourceTree = "<group>"; };
		AC53B77E1C0146FC007D3FE8 /* Report.h */ = {isa = PBXFileReference; fileEncoding = 4; lastKnownFileType = sourcecode.c.h; path = Report.h; sourceTree = "<group>"; };
		AC53B77F1C0146FC007D3FE8 /* Report.m */ = {isa = PBXFileReference; fileEncoding = 4; lastKnownFileType = sourcecode.c.objc; path = Report.m; sourceTree = "<group>"; };
		AC53B7801C0146FC007D3FE8 /* Practice+CoreDataProperties.h */ = {isa = PBXFileReference; fileEncoding = 4; lastKnownFileType = sourcecode.c.h; path = "Practice+CoreDataProperties.h"; sourceTree = "<group>"; };
		AC53B7811C0146FC007D3FE8 /* Practice+CoreDataProperties.m */ = {isa = PBXFileReference; fileEncoding = 4; lastKnownFileType = sourcecode.c.objc; path = "Practice+CoreDataProperties.m"; sourceTree = "<group>"; };
		AC53B7821C0146FC007D3FE8 /* Practice.h */ = {isa = PBXFileReference; fileEncoding = 4; lastKnownFileType = sourcecode.c.h; path = Practice.h; sourceTree = "<group>"; };
		AC53B7831C0146FC007D3FE8 /* Practice.m */ = {isa = PBXFileReference; fileEncoding = 4; lastKnownFileType = sourcecode.c.objc; path = Practice.m; sourceTree = "<group>"; };
		AC53B7841C0146FC007D3FE8 /* Account+CoreDataProperties.h */ = {isa = PBXFileReference; fileEncoding = 4; lastKnownFileType = sourcecode.c.h; path = "Account+CoreDataProperties.h"; sourceTree = "<group>"; };
		AC53B7851C0146FC007D3FE8 /* Account+CoreDataProperties.m */ = {isa = PBXFileReference; fileEncoding = 4; lastKnownFileType = sourcecode.c.objc; path = "Account+CoreDataProperties.m"; sourceTree = "<group>"; };
		AC53B7861C0146FC007D3FE8 /* Account.h */ = {isa = PBXFileReference; fileEncoding = 4; lastKnownFileType = sourcecode.c.h; path = Account.h; sourceTree = "<group>"; };
		AC53B7871C0146FC007D3FE8 /* Account.m */ = {isa = PBXFileReference; fileEncoding = 4; lastKnownFileType = sourcecode.c.objc; path = Account.m; sourceTree = "<group>"; };
		AC53B7881C0146FC007D3FE8 /* Record+CoreDataProperties.h */ = {isa = PBXFileReference; fileEncoding = 4; lastKnownFileType = sourcecode.c.h; path = "Record+CoreDataProperties.h"; sourceTree = "<group>"; };
		AC53B7891C0146FC007D3FE8 /* Record+CoreDataProperties.m */ = {isa = PBXFileReference; fileEncoding = 4; lastKnownFileType = sourcecode.c.objc; path = "Record+CoreDataProperties.m"; sourceTree = "<group>"; };
		AC53B78A1C0146FC007D3FE8 /* Record.h */ = {isa = PBXFileReference; fileEncoding = 4; lastKnownFileType = sourcecode.c.h; path = Record.h; sourceTree = "<group>"; };
		AC53B78B1C0146FC007D3FE8 /* Record.m */ = {isa = PBXFileReference; fileEncoding = 4; lastKnownFileType = sourcecode.c.objc; path = Record.m; sourceTree = "<group>"; };
		AC53B7941C01474B007D3FE8 /* PracticeDao.h */ = {isa = PBXFileReference; fileEncoding = 4; lastKnownFileType = sourcecode.c.h; path = PracticeDao.h; sourceTree = "<group>"; };
		AC53B7951C01474B007D3FE8 /* PracticeDao.m */ = {isa = PBXFileReference; fileEncoding = 4; lastKnownFileType = sourcecode.c.objc; path = PracticeDao.m; sourceTree = "<group>"; };
		AC53B7961C01474B007D3FE8 /* RecordDao.h */ = {isa = PBXFileReference; fileEncoding = 4; lastKnownFileType = sourcecode.c.h; path = RecordDao.h; sourceTree = "<group>"; };
		AC53B7971C01474B007D3FE8 /* RecordDao.m */ = {isa = PBXFileReference; fileEncoding = 4; lastKnownFileType = sourcecode.c.objc; path = RecordDao.m; sourceTree = "<group>"; };
		AC53B7981C01474B007D3FE8 /* AccountDao.h */ = {isa = PBXFileReference; fileEncoding = 4; lastKnownFileType = sourcecode.c.h; path = AccountDao.h; sourceTree = "<group>"; };
		AC53B7991C01474B007D3FE8 /* AccountDao.m */ = {isa = PBXFileReference; fileEncoding = 4; lastKnownFileType = sourcecode.c.objc; path = AccountDao.m; sourceTree = "<group>"; };
		AC53B79A1C01474B007D3FE8 /* DAOContext.h */ = {isa = PBXFileReference; fileEncoding = 4; lastKnownFileType = sourcecode.c.h; path = DAOContext.h; sourceTree = "<group>"; };
		AC53B79B1C01474B007D3FE8 /* DAOContext.m */ = {isa = PBXFileReference; fileEncoding = 4; lastKnownFileType = sourcecode.c.objc; path = DAOContext.m; sourceTree = "<group>"; };
		AC53B79C1C01474B007D3FE8 /* ReportDAO.h */ = {isa = PBXFileReference; fileEncoding = 4; lastKnownFileType = sourcecode.c.h; path = ReportDAO.h; sourceTree = "<group>"; };
		AC53B79D1C01474B007D3FE8 /* ReportDAO.m */ = {isa = PBXFileReference; fileEncoding = 4; lastKnownFileType = sourcecode.c.objc; path = ReportDAO.m; sourceTree = "<group>"; };
		AC53B7A41C014AA8007D3FE8 /* UtilityBL.h */ = {isa = PBXFileReference; fileEncoding = 4; lastKnownFileType = sourcecode.c.h; path = UtilityBL.h; sourceTree = "<group>"; };
		AC53B7A51C014AA8007D3FE8 /* UtilityBL.m */ = {isa = PBXFileReference; fileEncoding = 4; lastKnownFileType = sourcecode.c.objc; path = UtilityBL.m; sourceTree = "<group>"; };
		AC53B7A91C014BFE007D3FE8 /* PracticeBL.h */ = {isa = PBXFileReference; fileEncoding = 4; lastKnownFileType = sourcecode.c.h; path = PracticeBL.h; sourceTree = "<group>"; };
		AC53B7AA1C014BFE007D3FE8 /* PracticeBL.m */ = {isa = PBXFileReference; fileEncoding = 4; lastKnownFileType = sourcecode.c.objc; path = PracticeBL.m; sourceTree = "<group>"; };
		AC53B7AB1C014BFE007D3FE8 /* RecordBL.h */ = {isa = PBXFileReference; fileEncoding = 4; lastKnownFileType = sourcecode.c.h; path = RecordBL.h; sourceTree = "<group>"; };
		AC53B7AC1C014BFE007D3FE8 /* RecordBL.m */ = {isa = PBXFileReference; fileEncoding = 4; lastKnownFileType = sourcecode.c.objc; path = RecordBL.m; sourceTree = "<group>"; };
		AC53B7AD1C014BFE007D3FE8 /* AccountBL.h */ = {isa = PBXFileReference; fileEncoding = 4; lastKnownFileType = sourcecode.c.h; path = AccountBL.h; sourceTree = "<group>"; };
		AC53B7AE1C014BFE007D3FE8 /* AccountBL.m */ = {isa = PBXFileReference; fileEncoding = 4; lastKnownFileType = sourcecode.c.objc; path = AccountBL.m; sourceTree = "<group>"; };
		AC53B7AF1C014BFE007D3FE8 /* ReportBL.h */ = {isa = PBXFileReference; fileEncoding = 4; lastKnownFileType = sourcecode.c.h; path = ReportBL.h; sourceTree = "<group>"; };
		AC53B7B01C014BFE007D3FE8 /* ReportBL.m */ = {isa = PBXFileReference; fileEncoding = 4; lastKnownFileType = sourcecode.c.objc; path = ReportBL.m; sourceTree = "<group>"; };
		AC53B7B51C014C42007D3FE8 /* RSA.h */ = {isa = PBXFileReference; fileEncoding = 4; lastKnownFileType = sourcecode.c.h; path = RSA.h; sourceTree = "<group>"; };
		AC53B7B61C014C42007D3FE8 /* RSA.m */ = {isa = PBXFileReference; fileEncoding = 4; lastKnownFileType = sourcecode.c.objc; path = RSA.m; sourceTree = "<group>"; };
		AC53B7B81C014CE7007D3FE8 /* GTMBase64.h */ = {isa = PBXFileReference; fileEncoding = 4; lastKnownFileType = sourcecode.c.h; path = GTMBase64.h; sourceTree = "<group>"; };
		AC53B7B91C014CE7007D3FE8 /* GTMBase64.m */ = {isa = PBXFileReference; fileEncoding = 4; lastKnownFileType = sourcecode.c.objc; path = GTMBase64.m; sourceTree = "<group>"; };
		AC53B7BA1C014CE7007D3FE8 /* GTMDefines.h */ = {isa = PBXFileReference; fileEncoding = 4; lastKnownFileType = sourcecode.c.h; path = GTMDefines.h; sourceTree = "<group>"; };
		AC53B7BE1C014E26007D3FE8 /* TestViewController.h */ = {isa = PBXFileReference; fileEncoding = 4; lastKnownFileType = sourcecode.c.h; path = TestViewController.h; sourceTree = "<group>"; };
		AC53B7BF1C014E26007D3FE8 /* TestViewController.m */ = {isa = PBXFileReference; fileEncoding = 4; lastKnownFileType = sourcecode.c.objc; path = TestViewController.m; sourceTree = "<group>"; };
		AC53B7C01C014E26007D3FE8 /* TestViewController.xib */ = {isa = PBXFileReference; fileEncoding = 4; lastKnownFileType = file.xib; path = TestViewController.xib; sourceTree = "<group>"; };
		AC53B7C41C01518A007D3FE8 /* Security.framework */ = {isa = PBXFileReference; lastKnownFileType = wrapper.framework; name = Security.framework; path = System/Library/Frameworks/Security.framework; sourceTree = SDKROOT; };
		AC53B7CD1C016122007D3FE8 /* en */ = {isa = PBXFileReference; lastKnownFileType = text.plist.strings; name = en; path = en.lproj/SMS_SDKLocalizable.strings; sourceTree = "<group>"; };
		AC53B7CE1C016122007D3FE8 /* MOBFoundation.framework */ = {isa = PBXFileReference; lastKnownFileType = wrapper.framework; path = MOBFoundation.framework; sourceTree = "<group>"; };
		AC53B7CF1C016122007D3FE8 /* SMS_SDK.framework */ = {isa = PBXFileReference; lastKnownFileType = wrapper.framework; path = SMS_SDK.framework; sourceTree = "<group>"; };
		AC53B7D01C016122007D3FE8 /* zh-Hans */ = {isa = PBXFileReference; lastKnownFileType = text.plist.strings; name = "zh-Hans"; path = "zh-Hans.lproj/SMS_SDKLocalizable.strings"; sourceTree = "<group>"; };
		AC53B7D41C016777007D3FE8 /* MessageUI.framework */ = {isa = PBXFileReference; lastKnownFileType = wrapper.framework; name = MessageUI.framework; path = System/Library/Frameworks/MessageUI.framework; sourceTree = SDKROOT; };
		AC53B7D61C016783007D3FE8 /* JavaScriptCore.framework */ = {isa = PBXFileReference; lastKnownFileType = wrapper.framework; name = JavaScriptCore.framework; path = System/Library/Frameworks/JavaScriptCore.framework; sourceTree = SDKROOT; };
		AC53B7D81C016851007D3FE8 /* libicucore.tbd */ = {isa = PBXFileReference; lastKnownFileType = "sourcecode.text-based-dylib-definition"; name = libicucore.tbd; path = usr/lib/libicucore.tbd; sourceTree = SDKROOT; };
		AC53B7DA1C01685E007D3FE8 /* libz.tbd */ = {isa = PBXFileReference; lastKnownFileType = "sourcecode.text-based-dylib-definition"; name = libz.tbd; path = usr/lib/libz.tbd; sourceTree = SDKROOT; };
		AC53B7DC1C01686B007D3FE8 /* libstdc++.tbd */ = {isa = PBXFileReference; lastKnownFileType = "sourcecode.text-based-dylib-definition"; name = "libstdc++.tbd"; path = "usr/lib/libstdc++.tbd"; sourceTree = SDKROOT; };
/* End PBXFileReference section */

/* Begin PBXFrameworksBuildPhase section */
		AC39B9031BFF649A001CE453 /* Frameworks */ = {
			isa = PBXFrameworksBuildPhase;
			buildActionMask = 2147483647;
			files = (
				AC53B7DD1C01686B007D3FE8 /* libstdc++.tbd in Frameworks */,
				AC53B7DB1C01685E007D3FE8 /* libz.tbd in Frameworks */,
				AC53B7D91C016851007D3FE8 /* libicucore.tbd in Frameworks */,
				AC53B7D71C016783007D3FE8 /* JavaScriptCore.framework in Frameworks */,
				AC53B7D51C016777007D3FE8 /* MessageUI.framework in Frameworks */,
				AC53B7D21C016122007D3FE8 /* MOBFoundation.framework in Frameworks */,
				AC53B7D31C016122007D3FE8 /* SMS_SDK.framework in Frameworks */,
				AC53B7C51C01518A007D3FE8 /* Security.framework in Frameworks */,
				7BFB8F4343390DAA1FE273AA /* libPods.a in Frameworks */,
			);
			runOnlyForDeploymentPostprocessing = 0;
		};
		AC39B91F1BFF649B001CE453 /* Frameworks */ = {
			isa = PBXFrameworksBuildPhase;
			buildActionMask = 2147483647;
			files = (
			);
			runOnlyForDeploymentPostprocessing = 0;
		};
		AC39B92A1BFF649B001CE453 /* Frameworks */ = {
			isa = PBXFrameworksBuildPhase;
			buildActionMask = 2147483647;
			files = (
			);
			runOnlyForDeploymentPostprocessing = 0;
		};
/* End PBXFrameworksBuildPhase section */

/* Begin PBXGroup section */
		22909630EDA94688B975943C /* Pods */ = {
			isa = PBXGroup;
			children = (
				95456BA8E0DB14D551D3A063 /* Pods.debug.xcconfig */,
				023B0FA0A76EAEEB884B9ABD /* Pods.release.xcconfig */,
			);
			name = Pods;
			sourceTree = "<group>";
		};
		30AAE3BB1C02B79900CD94D5 /* AppDelegate */ = {
			isa = PBXGroup;
			children = (
				AC39B90C1BFF649A001CE453 /* AppDelegate.h */,
				AC39B90D1BFF649A001CE453 /* AppDelegate.m */,
			);
			name = AppDelegate;
			sourceTree = "<group>";
		};
		30AAE3BC1C02BA7F00CD94D5 /* Resource */ = {
			isa = PBXGroup;
			children = (
				30AAE3DF1C02C1F600CD94D5 /* Introduction */,
				30AAE3DE1C02C1C700CD94D5 /* StartView */,
			);
			path = Resource;
			sourceTree = "<group>";
		};
		30AAE3CA1C02BB9000CD94D5 /* Vendor */ = {
			isa = PBXGroup;
			children = (
				30AAE3DA1C02C11700CD94D5 /* SMPageControl */,
				30AAE3D11C02BE5D00CD94D5 /* YFStartView */,
			);
			name = Vendor;
			sourceTree = "<group>";
		};
		30AAE3D01C02BC2300CD94D5 /* StartButtonView */ = {
			isa = PBXGroup;
			children = (
				30AAE3CB1C02BBFB00CD94D5 /* StartButtomView.h */,
				30AAE3CC1C02BBFB00CD94D5 /* StartButtomView.m */,
				30AAE3CD1C02BBFB00CD94D5 /* StartButtomView.xib */,
			);
			name = StartButtonView;
			sourceTree = "<group>";
		};
		30AAE3D11C02BE5D00CD94D5 /* YFStartView */ = {
			isa = PBXGroup;
			children = (
				30AAE3C71C02BB7D00CD94D5 /* YFStartView.h */,
				30AAE3C81C02BB7D00CD94D5 /* YFStartView.m */,
			);
			name = YFStartView;
			sourceTree = "<group>";
		};
		30AAE3D61C02C0A200CD94D5 /* OC_Category */ = {
			isa = PBXGroup;
			children = (
				30AAE3D31C02C08F00CD94D5 /* UIColor+expanded.h */,
				30AAE3D41C02C08F00CD94D5 /* UIColor+expanded.m */,
			);
			name = OC_Category;
			sourceTree = "<group>";
		};
		30AAE3DA1C02C11700CD94D5 /* SMPageControl */ = {
			isa = PBXGroup;
			children = (
				30AAE3D71C02C11100CD94D5 /* SMPageControl.h */,
				30AAE3D81C02C11100CD94D5 /* SMPageControl.m */,
			);
			name = SMPageControl;
			sourceTree = "<group>";
		};
		30AAE3DE1C02C1C700CD94D5 /* StartView */ = {
			isa = PBXGroup;
			children = (
				30AAE3BD1C02BA7F00CD94D5 /* logo.png */,
				30AAE3BE1C02BA7F00CD94D5 /* startImage1.png */,
				30AAE3BF1C02BA7F00CD94D5 /* startImage2.png */,
				30AAE3C01C02BA7F00CD94D5 /* startImage3.png */,
				30AAE3C11C02BA7F00CD94D5 /* startImage4.png */,
			);
			name = StartView;
			sourceTree = "<group>";
		};
		30AAE3DF1C02C1F600CD94D5 /* Introduction */ = {
			isa = PBXGroup;
			children = (
				30AAE3E01C02C1F600CD94D5 /* intro_dot_selected@2x.png */,
				30AAE3E11C02C1F600CD94D5 /* intro_dot_selected@3x.png */,
				30AAE3E21C02C1F600CD94D5 /* intro_dot_unselected@2x.png */,
				30AAE3E31C02C1F600CD94D5 /* intro_dot_unselected@3x.png */,
				30AAE3E41C02C1F600CD94D5 /* intro_icon_0@2x.png */,
				30AAE3E51C02C1F600CD94D5 /* intro_icon_0@3x.png */,
				30AAE3E61C02C1F600CD94D5 /* intro_icon_1@2x.png */,
				30AAE3E71C02C1F600CD94D5 /* intro_icon_1@3x.png */,
				30AAE3E81C02C1F600CD94D5 /* intro_icon_2@2x.png */,
				30AAE3E91C02C1F600CD94D5 /* intro_icon_2@3x.png */,
				30AAE3EA1C02C1F600CD94D5 /* intro_icon_3@2x.png */,
				30AAE3EB1C02C1F600CD94D5 /* intro_icon_3@3x.png */,
				30AAE3EC1C02C1F600CD94D5 /* intro_icon_4@2x.png */,
				30AAE3ED1C02C1F600CD94D5 /* intro_icon_4@3x.png */,
				30AAE3EE1C02C1F600CD94D5 /* intro_icon_5@2x.png */,
				30AAE3EF1C02C1F600CD94D5 /* intro_icon_5@3x.png */,
				30AAE3F01C02C1F600CD94D5 /* intro_icon_6@2x.png */,
				30AAE3F11C02C1F600CD94D5 /* intro_icon_6@3x.png */,
				30AAE3F21C02C1F600CD94D5 /* intro_tip_0@2x.png */,
				30AAE3F31C02C1F600CD94D5 /* intro_tip_0@3x.png */,
				30AAE3F41C02C1F600CD94D5 /* intro_tip_1@2x.png */,
				30AAE3F51C02C1F600CD94D5 /* intro_tip_1@3x.png */,
				30AAE3F61C02C1F600CD94D5 /* intro_tip_2@2x.png */,
				30AAE3F71C02C1F600CD94D5 /* intro_tip_2@3x.png */,
				30AAE3F81C02C1F600CD94D5 /* intro_tip_3@2x.png */,
				30AAE3F91C02C1F600CD94D5 /* intro_tip_3@3x.png */,
				30AAE3FA1C02C1F600CD94D5 /* intro_tip_4@2x.png */,
				30AAE3FB1C02C1F600CD94D5 /* intro_tip_4@3x.png */,
				30AAE3FC1C02C1F600CD94D5 /* intro_tip_5@2x.png */,
				30AAE3FD1C02C1F600CD94D5 /* intro_tip_5@3x.png */,
			);
			name = Introduction;
			path = introduction;
			sourceTree = "<group>";
		};
		30AAE41C1C02C20300CD94D5 /* IntroductionView */ = {
			isa = PBXGroup;
			children = (
				30AAE3DB1C02C15D00CD94D5 /* IntroductionViewController.h */,
				30AAE3DC1C02C15D00CD94D5 /* IntroductionViewController.m */,
			);
			name = IntroductionView;
			sourceTree = "<group>";
		};
		AC39B8FD1BFF649A001CE453 = {
			isa = PBXGroup;
			children = (
				AC39B9081BFF649A001CE453 /* MoliStudy */,
				AC39B9251BFF649B001CE453 /* MoliStudyTests */,
				AC39B9301BFF649B001CE453 /* MoliStudyUITests */,
				AC39B9071BFF649A001CE453 /* Products */,
				22909630EDA94688B975943C /* Pods */,
				BD3408EB1F0BE4F6E6952F84 /* Frameworks */,
			);
			sourceTree = "<group>";
		};
		AC39B9071BFF649A001CE453 /* Products */ = {
			isa = PBXGroup;
			children = (
				AC39B9061BFF649A001CE453 /* MoliStudy.app */,
				AC39B9221BFF649B001CE453 /* MoliStudyTests.xctest */,
				AC39B92D1BFF649B001CE453 /* MoliStudyUITests.xctest */,
			);
			name = Products;
			sourceTree = "<group>";
		};
		AC39B9081BFF649A001CE453 /* MoliStudy */ = {
			isa = PBXGroup;
			children = (
				AC39B9411BFF6802001CE453 /* PresentationLayer */,
				AC39B9401BFF67F9001CE453 /* PersistenceLayer */,
				AC39B93F1BFF67E8001CE453 /* BusinessLogicLayer */,
				30AAE3BC1C02BA7F00CD94D5 /* Resource */,
				30AAE3D61C02C0A200CD94D5 /* OC_Category */,
				30AAE3CA1C02BB9000CD94D5 /* Vendor */,
				AC39B9091BFF649A001CE453 /* Supporting Files */,
			);
			path = MoliStudy;
			sourceTree = "<group>";
		};
		AC39B9091BFF649A001CE453 /* Supporting Files */ = {
			isa = PBXGroup;
			children = (
				30AAE3D21C02C01600CD94D5 /* MoliStudy.pch */,
				AC39B9181BFF649A001CE453 /* Assets.xcassets */,
				30AAE3B91C02B5E100CD94D5 /* public_key.der */,
				AC39B91A1BFF649A001CE453 /* LaunchScreen.storyboard */,
				AC39B91D1BFF649A001CE453 /* Info.plist */,
				AC39B90A1BFF649A001CE453 /* main.m */,
			);
			name = "Supporting Files";
			sourceTree = "<group>";
		};
		AC39B9251BFF649B001CE453 /* MoliStudyTests */ = {
			isa = PBXGroup;
			children = (
				AC39B9261BFF649B001CE453 /* MoliStudyTests.m */,
				AC39B9281BFF649B001CE453 /* Info.plist */,
			);
			path = MoliStudyTests;
			sourceTree = "<group>";
		};
		AC39B9301BFF649B001CE453 /* MoliStudyUITests */ = {
			isa = PBXGroup;
			children = (
				AC39B9311BFF649B001CE453 /* MoliStudyUITests.m */,
				AC39B9331BFF649B001CE453 /* Info.plist */,
			);
			path = MoliStudyUITests;
			sourceTree = "<group>";
		};
		AC39B93F1BFF67E8001CE453 /* BusinessLogicLayer */ = {
			isa = PBXGroup;
			children = (
				AC53B7A81C014B7F007D3FE8 /* dataManager */,
				AC53B7A71C014AB9007D3FE8 /* networkManager */,
				AC53B7A31C014A98007D3FE8 /* utility */,
			);
			name = BusinessLogicLayer;
			sourceTree = "<group>";
		};
		AC39B9401BFF67F9001CE453 /* PersistenceLayer */ = {
			isa = PBXGroup;
			children = (
				AC53B77B1C01456F007D3FE8 /* dao */,
				AC53B77A1C014560007D3FE8 /* data */,
			);
			name = PersistenceLayer;
			sourceTree = "<group>";
		};
		AC39B9411BFF6802001CE453 /* PresentationLayer */ = {
			isa = PBXGroup;
			children = (
				AC53B7BD1C014E16007D3FE8 /* apiTest */,
				30AAE3BB1C02B79900CD94D5 /* AppDelegate */,
				30AAE3D01C02BC2300CD94D5 /* StartButtonView */,
				30AAE41C1C02C20300CD94D5 /* IntroductionView */,
			);
			name = PresentationLayer;
			sourceTree = "<group>";
		};
		AC53B77A1C014560007D3FE8 /* data */ = {
			isa = PBXGroup;
			children = (
				AC39B9151BFF649A001CE453 /* MoliStudy.xcdatamodeld */,
				AC53B77C1C0146FC007D3FE8 /* Report+CoreDataProperties.h */,
				AC53B77D1C0146FC007D3FE8 /* Report+CoreDataProperties.m */,
				AC53B77E1C0146FC007D3FE8 /* Report.h */,
				AC53B77F1C0146FC007D3FE8 /* Report.m */,
				AC53B7801C0146FC007D3FE8 /* Practice+CoreDataProperties.h */,
				AC53B7811C0146FC007D3FE8 /* Practice+CoreDataProperties.m */,
				AC53B7821C0146FC007D3FE8 /* Practice.h */,
				AC53B7831C0146FC007D3FE8 /* Practice.m */,
				AC53B7841C0146FC007D3FE8 /* Account+CoreDataProperties.h */,
				AC53B7851C0146FC007D3FE8 /* Account+CoreDataProperties.m */,
				AC53B7861C0146FC007D3FE8 /* Account.h */,
				AC53B7871C0146FC007D3FE8 /* Account.m */,
				AC53B7881C0146FC007D3FE8 /* Record+CoreDataProperties.h */,
				AC53B7891C0146FC007D3FE8 /* Record+CoreDataProperties.m */,
				AC53B78A1C0146FC007D3FE8 /* Record.h */,
				AC53B78B1C0146FC007D3FE8 /* Record.m */,
			);
			name = data;
			sourceTree = "<group>";
		};
		AC53B77B1C01456F007D3FE8 /* dao */ = {
			isa = PBXGroup;
			children = (
				AC53B7941C01474B007D3FE8 /* PracticeDao.h */,
				AC53B7951C01474B007D3FE8 /* PracticeDao.m */,
				AC53B7961C01474B007D3FE8 /* RecordDao.h */,
				AC53B7971C01474B007D3FE8 /* RecordDao.m */,
				AC53B7981C01474B007D3FE8 /* AccountDao.h */,
				AC53B7991C01474B007D3FE8 /* AccountDao.m */,
				AC53B79A1C01474B007D3FE8 /* DAOContext.h */,
				AC53B79B1C01474B007D3FE8 /* DAOContext.m */,
				AC53B79C1C01474B007D3FE8 /* ReportDAO.h */,
				AC53B79D1C01474B007D3FE8 /* ReportDAO.m */,
			);
			name = dao;
			sourceTree = "<group>";
		};
		AC53B7A31C014A98007D3FE8 /* utility */ = {
			isa = PBXGroup;
			children = (
				AC53B7CB1C016122007D3FE8 /* SMS_SDK */,
				AC53B7BC1C014DFC007D3FE8 /* rsa */,
				AC53B7A41C014AA8007D3FE8 /* UtilityBL.h */,
				AC53B7A51C014AA8007D3FE8 /* UtilityBL.m */,
			);
			name = utility;
			sourceTree = "<group>";
		};
		AC53B7A71C014AB9007D3FE8 /* networkManager */ = {
			isa = PBXGroup;
			children = (
				AC18EA631BFF76960092F7D9 /* NetworkManager.h */,
				AC18EA641BFF76960092F7D9 /* NetworkManager.m */,
			);
			name = networkManager;
			sourceTree = "<group>";
		};
		AC53B7A81C014B7F007D3FE8 /* dataManager */ = {
			isa = PBXGroup;
			children = (
				AC53B7A91C014BFE007D3FE8 /* PracticeBL.h */,
				AC53B7AA1C014BFE007D3FE8 /* PracticeBL.m */,
				AC53B7AB1C014BFE007D3FE8 /* RecordBL.h */,
				AC53B7AC1C014BFE007D3FE8 /* RecordBL.m */,
				AC53B7AD1C014BFE007D3FE8 /* AccountBL.h */,
				AC53B7AE1C014BFE007D3FE8 /* AccountBL.m */,
				AC53B7AF1C014BFE007D3FE8 /* ReportBL.h */,
				AC53B7B01C014BFE007D3FE8 /* ReportBL.m */,
			);
			name = dataManager;
			sourceTree = "<group>";
		};
		AC53B7BC1C014DFC007D3FE8 /* rsa */ = {
			isa = PBXGroup;
			children = (
				AC53B7B51C014C42007D3FE8 /* RSA.h */,
				AC53B7B61C014C42007D3FE8 /* RSA.m */,
				AC53B7B81C014CE7007D3FE8 /* GTMBase64.h */,
				AC53B7B91C014CE7007D3FE8 /* GTMBase64.m */,
				AC53B7BA1C014CE7007D3FE8 /* GTMDefines.h */,
			);
			name = rsa;
			sourceTree = "<group>";
		};
		AC53B7BD1C014E16007D3FE8 /* apiTest */ = {
			isa = PBXGroup;
			children = (
				AC53B7BE1C014E26007D3FE8 /* TestViewController.h */,
				AC53B7BF1C014E26007D3FE8 /* TestViewController.m */,
				AC53B7C01C014E26007D3FE8 /* TestViewController.xib */,
			);
			name = apiTest;
			sourceTree = "<group>";
		};
		AC53B7CB1C016122007D3FE8 /* SMS_SDK */ = {
			isa = PBXGroup;
			children = (
				AC53B7CC1C016122007D3FE8 /* SMS_SDKLocalizable.strings */,
				AC53B7CE1C016122007D3FE8 /* MOBFoundation.framework */,
				AC53B7CF1C016122007D3FE8 /* SMS_SDK.framework */,
			);
			path = SMS_SDK;
			sourceTree = "<group>";
		};
		BD3408EB1F0BE4F6E6952F84 /* Frameworks */ = {
			isa = PBXGroup;
			children = (
				AC53B7DC1C01686B007D3FE8 /* libstdc++.tbd */,
				AC53B7DA1C01685E007D3FE8 /* libz.tbd */,
				AC53B7D81C016851007D3FE8 /* libicucore.tbd */,
				AC53B7D61C016783007D3FE8 /* JavaScriptCore.framework */,
				AC53B7D41C016777007D3FE8 /* MessageUI.framework */,
				AC53B7C41C01518A007D3FE8 /* Security.framework */,
				60A0CAC4C28DE69D69868F29 /* libPods.a */,
			);
			name = Frameworks;
			sourceTree = "<group>";
		};
/* End PBXGroup section */

/* Begin PBXNativeTarget section */
		AC39B9051BFF649A001CE453 /* MoliStudy */ = {
			isa = PBXNativeTarget;
			buildConfigurationList = AC39B9361BFF649B001CE453 /* Build configuration list for PBXNativeTarget "MoliStudy" */;
			buildPhases = (
				56BE5958B1C8D8191C8B90F1 /* Check Pods Manifest.lock */,
				AC39B9021BFF649A001CE453 /* Sources */,
				AC39B9031BFF649A001CE453 /* Frameworks */,
				AC39B9041BFF649A001CE453 /* Resources */,
				343E754C0DC30E51EC5342AE /* Embed Pods Frameworks */,
				E7993D93FE8E478FF72B4FC6 /* Copy Pods Resources */,
			);
			buildRules = (
			);
			dependencies = (
			);
			name = MoliStudy;
			productName = MoliStudy;
			productReference = AC39B9061BFF649A001CE453 /* MoliStudy.app */;
			productType = "com.apple.product-type.application";
		};
		AC39B9211BFF649B001CE453 /* MoliStudyTests */ = {
			isa = PBXNativeTarget;
			buildConfigurationList = AC39B9391BFF649B001CE453 /* Build configuration list for PBXNativeTarget "MoliStudyTests" */;
			buildPhases = (
				AC39B91E1BFF649B001CE453 /* Sources */,
				AC39B91F1BFF649B001CE453 /* Frameworks */,
				AC39B9201BFF649B001CE453 /* Resources */,
			);
			buildRules = (
			);
			dependencies = (
				AC39B9241BFF649B001CE453 /* PBXTargetDependency */,
			);
			name = MoliStudyTests;
			productName = MoliStudyTests;
			productReference = AC39B9221BFF649B001CE453 /* MoliStudyTests.xctest */;
			productType = "com.apple.product-type.bundle.unit-test";
		};
		AC39B92C1BFF649B001CE453 /* MoliStudyUITests */ = {
			isa = PBXNativeTarget;
			buildConfigurationList = AC39B93C1BFF649B001CE453 /* Build configuration list for PBXNativeTarget "MoliStudyUITests" */;
			buildPhases = (
				AC39B9291BFF649B001CE453 /* Sources */,
				AC39B92A1BFF649B001CE453 /* Frameworks */,
				AC39B92B1BFF649B001CE453 /* Resources */,
			);
			buildRules = (
			);
			dependencies = (
				AC39B92F1BFF649B001CE453 /* PBXTargetDependency */,
			);
			name = MoliStudyUITests;
			productName = MoliStudyUITests;
			productReference = AC39B92D1BFF649B001CE453 /* MoliStudyUITests.xctest */;
			productType = "com.apple.product-type.bundle.ui-testing";
		};
/* End PBXNativeTarget section */

/* Begin PBXProject section */
		AC39B8FE1BFF649A001CE453 /* Project object */ = {
			isa = PBXProject;
			attributes = {
				LastUpgradeCheck = 0710;
				ORGANIZATIONNAME = MoliStudy;
				TargetAttributes = {
					AC39B9051BFF649A001CE453 = {
						CreatedOnToolsVersion = 7.1;
					};
					AC39B9211BFF649B001CE453 = {
						CreatedOnToolsVersion = 7.1;
						TestTargetID = AC39B9051BFF649A001CE453;
					};
					AC39B92C1BFF649B001CE453 = {
						CreatedOnToolsVersion = 7.1;
						TestTargetID = AC39B9051BFF649A001CE453;
					};
				};
			};
			buildConfigurationList = AC39B9011BFF649A001CE453 /* Build configuration list for PBXProject "MoliStudy" */;
			compatibilityVersion = "Xcode 3.2";
			developmentRegion = English;
			hasScannedForEncodings = 0;
			knownRegions = (
				en,
				Base,
				"zh-Hans",
			);
			mainGroup = AC39B8FD1BFF649A001CE453;
			productRefGroup = AC39B9071BFF649A001CE453 /* Products */;
			projectDirPath = "";
			projectRoot = "";
			targets = (
				AC39B9051BFF649A001CE453 /* MoliStudy */,
				AC39B9211BFF649B001CE453 /* MoliStudyTests */,
				AC39B92C1BFF649B001CE453 /* MoliStudyUITests */,
			);
		};
/* End PBXProject section */

/* Begin PBXResourcesBuildPhase section */
		AC39B9041BFF649A001CE453 /* Resources */ = {
			isa = PBXResourcesBuildPhase;
			buildActionMask = 2147483647;
			files = (
				30AAE40C1C02C1F600CD94D5 /* intro_icon_5@2x.png in Resources */,
				30AAE40B1C02C1F600CD94D5 /* intro_icon_4@3x.png in Resources */,
				30AAE4091C02C1F600CD94D5 /* intro_icon_3@3x.png in Resources */,
				AC39B91C1BFF649A001CE453 /* LaunchScreen.storyboard in Resources */,
				30AAE4101C02C1F600CD94D5 /* intro_tip_0@2x.png in Resources */,
				30AAE3C61C02BA7F00CD94D5 /* startImage4.png in Resources */,
				30AAE4191C02C1F600CD94D5 /* intro_tip_4@3x.png in Resources */,
				30AAE3CF1C02BBFB00CD94D5 /* StartButtomView.xib in Resources */,
				30AAE4021C02C1F600CD94D5 /* intro_icon_0@2x.png in Resources */,
				30AAE4071C02C1F600CD94D5 /* intro_icon_2@3x.png in Resources */,
				30AAE40D1C02C1F600CD94D5 /* intro_icon_5@3x.png in Resources */,
				30AAE4181C02C1F600CD94D5 /* intro_tip_4@2x.png in Resources */,
				30AAE4011C02C1F600CD94D5 /* intro_dot_unselected@3x.png in Resources */,
				30AAE4001C02C1F600CD94D5 /* intro_dot_unselected@2x.png in Resources */,
				30AAE4111C02C1F600CD94D5 /* intro_tip_0@3x.png in Resources */,
				30AAE3C31C02BA7F00CD94D5 /* startImage1.png in Resources */,
				30AAE4141C02C1F600CD94D5 /* intro_tip_2@2x.png in Resources */,
				30AAE4031C02C1F600CD94D5 /* intro_icon_0@3x.png in Resources */,
				30AAE4151C02C1F600CD94D5 /* intro_tip_2@3x.png in Resources */,
				AC53B7D11C016122007D3FE8 /* SMS_SDKLocalizable.strings in Resources */,
				30AAE3C21C02BA7F00CD94D5 /* logo.png in Resources */,
				30AAE4041C02C1F600CD94D5 /* intro_icon_1@2x.png in Resources */,
				30AAE3C51C02BA7F00CD94D5 /* startImage3.png in Resources */,
				30AAE4161C02C1F600CD94D5 /* intro_tip_3@2x.png in Resources */,
				30AAE41B1C02C1F600CD94D5 /* intro_tip_5@3x.png in Resources */,
				AC53B7C21C014E26007D3FE8 /* TestViewController.xib in Resources */,
				30AAE3FE1C02C1F600CD94D5 /* intro_dot_selected@2x.png in Resources */,
				30AAE3C41C02BA7F00CD94D5 /* startImage2.png in Resources */,
				30AAE41A1C02C1F600CD94D5 /* intro_tip_5@2x.png in Resources */,
				30AAE4081C02C1F600CD94D5 /* intro_icon_3@2x.png in Resources */,
				30AAE4121C02C1F600CD94D5 /* intro_tip_1@2x.png in Resources */,
				30AAE4131C02C1F600CD94D5 /* intro_tip_1@3x.png in Resources */,
				AC39B9191BFF649A001CE453 /* Assets.xcassets in Resources */,
				30AAE3BA1C02B5E100CD94D5 /* public_key.der in Resources */,
				30AAE4061C02C1F600CD94D5 /* intro_icon_2@2x.png in Resources */,
				30AAE4171C02C1F600CD94D5 /* intro_tip_3@3x.png in Resources */,
				30AAE40F1C02C1F600CD94D5 /* intro_icon_6@3x.png in Resources */,
				30AAE3FF1C02C1F600CD94D5 /* intro_dot_selected@3x.png in Resources */,
				30AAE40E1C02C1F600CD94D5 /* intro_icon_6@2x.png in Resources */,
				30AAE4051C02C1F600CD94D5 /* intro_icon_1@3x.png in Resources */,
				30AAE40A1C02C1F600CD94D5 /* intro_icon_4@2x.png in Resources */,
			);
			runOnlyForDeploymentPostprocessing = 0;
		};
		AC39B9201BFF649B001CE453 /* Resources */ = {
			isa = PBXResourcesBuildPhase;
			buildActionMask = 2147483647;
			files = (
			);
			runOnlyForDeploymentPostprocessing = 0;
		};
		AC39B92B1BFF649B001CE453 /* Resources */ = {
			isa = PBXResourcesBuildPhase;
			buildActionMask = 2147483647;
			files = (
			);
			runOnlyForDeploymentPostprocessing = 0;
		};
/* End PBXResourcesBuildPhase section */

/* Begin PBXShellScriptBuildPhase section */
		343E754C0DC30E51EC5342AE /* Embed Pods Frameworks */ = {
			isa = PBXShellScriptBuildPhase;
			buildActionMask = 2147483647;
			files = (
			);
			inputPaths = (
			);
			name = "Embed Pods Frameworks";
			outputPaths = (
			);
			runOnlyForDeploymentPostprocessing = 0;
			shellPath = /bin/sh;
			shellScript = "\"${SRCROOT}/Pods/Target Support Files/Pods/Pods-frameworks.sh\"\n";
			showEnvVarsInLog = 0;
		};
		56BE5958B1C8D8191C8B90F1 /* Check Pods Manifest.lock */ = {
			isa = PBXShellScriptBuildPhase;
			buildActionMask = 2147483647;
			files = (
			);
			inputPaths = (
			);
			name = "Check Pods Manifest.lock";
			outputPaths = (
			);
			runOnlyForDeploymentPostprocessing = 0;
			shellPath = /bin/sh;
			shellScript = "diff \"${PODS_ROOT}/../Podfile.lock\" \"${PODS_ROOT}/Manifest.lock\" > /dev/null\nif [[ $? != 0 ]] ; then\n    cat << EOM\nerror: The sandbox is not in sync with the Podfile.lock. Run 'pod install' or update your CocoaPods installation.\nEOM\n    exit 1\nfi\n";
			showEnvVarsInLog = 0;
		};
		E7993D93FE8E478FF72B4FC6 /* Copy Pods Resources */ = {
			isa = PBXShellScriptBuildPhase;
			buildActionMask = 2147483647;
			files = (
			);
			inputPaths = (
			);
			name = "Copy Pods Resources";
			outputPaths = (
			);
			runOnlyForDeploymentPostprocessing = 0;
			shellPath = /bin/sh;
			shellScript = "\"${SRCROOT}/Pods/Target Support Files/Pods/Pods-resources.sh\"\n";
			showEnvVarsInLog = 0;
		};
/* End PBXShellScriptBuildPhase section */

/* Begin PBXSourcesBuildPhase section */
		AC39B9021BFF649A001CE453 /* Sources */ = {
			isa = PBXSourcesBuildPhase;
			buildActionMask = 2147483647;
			files = (
				30AAE3CE1C02BBFB00CD94D5 /* StartButtomView.m in Sources */,
				AC53B7921C0146FC007D3FE8 /* Record+CoreDataProperties.m in Sources */,
				AC53B78F1C0146FC007D3FE8 /* Practice.m in Sources */,
				AC53B7931C0146FC007D3FE8 /* Record.m in Sources */,
				AC53B7A61C014AA8007D3FE8 /* UtilityBL.m in Sources */,
				30AAE3C91C02BB7D00CD94D5 /* YFStartView.m in Sources */,
				AC53B7B41C014BFE007D3FE8 /* ReportBL.m in Sources */,
				AC53B7A11C01474B007D3FE8 /* DAOContext.m in Sources */,
				AC53B7B71C014C42007D3FE8 /* RSA.m in Sources */,
				AC53B7B21C014BFE007D3FE8 /* RecordBL.m in Sources */,
				30AAE3D51C02C08F00CD94D5 /* UIColor+expanded.m in Sources */,
				AC53B7901C0146FC007D3FE8 /* Account+CoreDataProperties.m in Sources */,
				AC39B9171BFF649A001CE453 /* MoliStudy.xcdatamodeld in Sources */,
				AC53B7A21C01474B007D3FE8 /* ReportDAO.m in Sources */,
				AC53B79E1C01474B007D3FE8 /* PracticeDao.m in Sources */,
				30AAE3D91C02C11100CD94D5 /* SMPageControl.m in Sources */,
				AC53B7BB1C014CE7007D3FE8 /* GTMBase64.m in Sources */,
				AC53B78D1C0146FC007D3FE8 /* Report.m in Sources */,
				AC53B7C11C014E26007D3FE8 /* TestViewController.m in Sources */,
				AC53B7A01C01474B007D3FE8 /* AccountDao.m in Sources */,
				AC39B90E1BFF649A001CE453 /* AppDelegate.m in Sources */,
				AC18EA651BFF76960092F7D9 /* NetworkManager.m in Sources */,
				AC39B90B1BFF649A001CE453 /* main.m in Sources */,
				AC53B78E1C0146FC007D3FE8 /* Practice+CoreDataProperties.m in Sources */,
				AC53B7B11C014BFE007D3FE8 /* PracticeBL.m in Sources */,
				AC53B7911C0146FC007D3FE8 /* Account.m in Sources */,
				30AAE3DD1C02C15D00CD94D5 /* IntroductionViewController.m in Sources */,
				AC53B78C1C0146FC007D3FE8 /* Report+CoreDataProperties.m in Sources */,
				AC53B79F1C01474B007D3FE8 /* RecordDao.m in Sources */,
				AC53B7B31C014BFE007D3FE8 /* AccountBL.m in Sources */,
			);
			runOnlyForDeploymentPostprocessing = 0;
		};
		AC39B91E1BFF649B001CE453 /* Sources */ = {
			isa = PBXSourcesBuildPhase;
			buildActionMask = 2147483647;
			files = (
				AC39B9271BFF649B001CE453 /* MoliStudyTests.m in Sources */,
			);
			runOnlyForDeploymentPostprocessing = 0;
		};
		AC39B9291BFF649B001CE453 /* Sources */ = {
			isa = PBXSourcesBuildPhase;
			buildActionMask = 2147483647;
			files = (
				AC39B9321BFF649B001CE453 /* MoliStudyUITests.m in Sources */,
			);
			runOnlyForDeploymentPostprocessing = 0;
		};
/* End PBXSourcesBuildPhase section */

/* Begin PBXTargetDependency section */
		AC39B9241BFF649B001CE453 /* PBXTargetDependency */ = {
			isa = PBXTargetDependency;
			target = AC39B9051BFF649A001CE453 /* MoliStudy */;
			targetProxy = AC39B9231BFF649B001CE453 /* PBXContainerItemProxy */;
		};
		AC39B92F1BFF649B001CE453 /* PBXTargetDependency */ = {
			isa = PBXTargetDependency;
			target = AC39B9051BFF649A001CE453 /* MoliStudy */;
			targetProxy = AC39B92E1BFF649B001CE453 /* PBXContainerItemProxy */;
		};
/* End PBXTargetDependency section */

/* Begin PBXVariantGroup section */
		AC39B91A1BFF649A001CE453 /* LaunchScreen.storyboard */ = {
			isa = PBXVariantGroup;
			children = (
				AC39B91B1BFF649A001CE453 /* Base */,
			);
			name = LaunchScreen.storyboard;
			sourceTree = "<group>";
		};
		AC53B7CC1C016122007D3FE8 /* SMS_SDKLocalizable.strings */ = {
			isa = PBXVariantGroup;
			children = (
				AC53B7CD1C016122007D3FE8 /* en */,
				AC53B7D01C016122007D3FE8 /* zh-Hans */,
			);
			name = SMS_SDKLocalizable.strings;
			sourceTree = "<group>";
		};
/* End PBXVariantGroup section */

/* Begin XCBuildConfiguration section */
		AC39B9341BFF649B001CE453 /* Debug */ = {
			isa = XCBuildConfiguration;
			buildSettings = {
				ALWAYS_SEARCH_USER_PATHS = NO;
				CLANG_CXX_LANGUAGE_STANDARD = "gnu++0x";
				CLANG_CXX_LIBRARY = "libc++";
				CLANG_ENABLE_MODULES = YES;
				CLANG_ENABLE_OBJC_ARC = YES;
				CLANG_WARN_BOOL_CONVERSION = YES;
				CLANG_WARN_CONSTANT_CONVERSION = YES;
				CLANG_WARN_DIRECT_OBJC_ISA_USAGE = YES_ERROR;
				CLANG_WARN_EMPTY_BODY = YES;
				CLANG_WARN_ENUM_CONVERSION = YES;
				CLANG_WARN_INT_CONVERSION = YES;
				CLANG_WARN_OBJC_ROOT_CLASS = YES_ERROR;
				CLANG_WARN_UNREACHABLE_CODE = YES;
				CLANG_WARN__DUPLICATE_METHOD_MATCH = YES;
				"CODE_SIGN_IDENTITY[sdk=iphoneos*]" = "iPhone Developer";
				COPY_PHASE_STRIP = NO;
				DEBUG_INFORMATION_FORMAT = dwarf;
				ENABLE_STRICT_OBJC_MSGSEND = YES;
				ENABLE_TESTABILITY = YES;
				GCC_C_LANGUAGE_STANDARD = gnu99;
				GCC_DYNAMIC_NO_PIC = NO;
				GCC_NO_COMMON_BLOCKS = YES;
				GCC_OPTIMIZATION_LEVEL = 0;
				GCC_PREPROCESSOR_DEFINITIONS = (
					"DEBUG=1",
					"$(inherited)",
				);
				GCC_WARN_64_TO_32_BIT_CONVERSION = YES;
				GCC_WARN_ABOUT_RETURN_TYPE = YES_ERROR;
				GCC_WARN_UNDECLARED_SELECTOR = YES;
				GCC_WARN_UNINITIALIZED_AUTOS = YES_AGGRESSIVE;
				GCC_WARN_UNUSED_FUNCTION = YES;
				GCC_WARN_UNUSED_VARIABLE = YES;
				IPHONEOS_DEPLOYMENT_TARGET = 9.1;
				MTL_ENABLE_DEBUG_INFO = YES;
				ONLY_ACTIVE_ARCH = YES;
				SDKROOT = iphoneos;
			};
			name = Debug;
		};
		AC39B9351BFF649B001CE453 /* Release */ = {
			isa = XCBuildConfiguration;
			buildSettings = {
				ALWAYS_SEARCH_USER_PATHS = NO;
				CLANG_CXX_LANGUAGE_STANDARD = "gnu++0x";
				CLANG_CXX_LIBRARY = "libc++";
				CLANG_ENABLE_MODULES = YES;
				CLANG_ENABLE_OBJC_ARC = YES;
				CLANG_WARN_BOOL_CONVERSION = YES;
				CLANG_WARN_CONSTANT_CONVERSION = YES;
				CLANG_WARN_DIRECT_OBJC_ISA_USAGE = YES_ERROR;
				CLANG_WARN_EMPTY_BODY = YES;
				CLANG_WARN_ENUM_CONVERSION = YES;
				CLANG_WARN_INT_CONVERSION = YES;
				CLANG_WARN_OBJC_ROOT_CLASS = YES_ERROR;
				CLANG_WARN_UNREACHABLE_CODE = YES;
				CLANG_WARN__DUPLICATE_METHOD_MATCH = YES;
				"CODE_SIGN_IDENTITY[sdk=iphoneos*]" = "iPhone Developer";
				COPY_PHASE_STRIP = NO;
				DEBUG_INFORMATION_FORMAT = "dwarf-with-dsym";
				ENABLE_NS_ASSERTIONS = NO;
				ENABLE_STRICT_OBJC_MSGSEND = YES;
				GCC_C_LANGUAGE_STANDARD = gnu99;
				GCC_NO_COMMON_BLOCKS = YES;
				GCC_WARN_64_TO_32_BIT_CONVERSION = YES;
				GCC_WARN_ABOUT_RETURN_TYPE = YES_ERROR;
				GCC_WARN_UNDECLARED_SELECTOR = YES;
				GCC_WARN_UNINITIALIZED_AUTOS = YES_AGGRESSIVE;
				GCC_WARN_UNUSED_FUNCTION = YES;
				GCC_WARN_UNUSED_VARIABLE = YES;
				IPHONEOS_DEPLOYMENT_TARGET = 9.1;
				MTL_ENABLE_DEBUG_INFO = NO;
				SDKROOT = iphoneos;
				VALIDATE_PRODUCT = YES;
			};
			name = Release;
		};
		AC39B9371BFF649B001CE453 /* Debug */ = {
			isa = XCBuildConfiguration;
			baseConfigurationReference = 95456BA8E0DB14D551D3A063 /* Pods.debug.xcconfig */;
			buildSettings = {
				ASSETCATALOG_COMPILER_APPICON_NAME = AppIcon;
				FRAMEWORK_SEARCH_PATHS = (
					"$(inherited)",
					"$(PROJECT_DIR)/MoliStudy/SMS_SDK",
				);
				GCC_PREFIX_HEADER = MoliStudy.pch;
				INFOPLIST_FILE = MoliStudy/Info.plist;
				LD_RUNPATH_SEARCH_PATHS = "$(inherited) @executable_path/Frameworks";
				PRODUCT_BUNDLE_IDENTIFIER = com.molistudy.MoliStudy;
				PRODUCT_NAME = "$(TARGET_NAME)";
			};
			name = Debug;
		};
		AC39B9381BFF649B001CE453 /* Release */ = {
			isa = XCBuildConfiguration;
			baseConfigurationReference = 023B0FA0A76EAEEB884B9ABD /* Pods.release.xcconfig */;
			buildSettings = {
				ASSETCATALOG_COMPILER_APPICON_NAME = AppIcon;
				FRAMEWORK_SEARCH_PATHS = (
					"$(inherited)",
					"$(PROJECT_DIR)/MoliStudy/SMS_SDK",
				);
				GCC_PREFIX_HEADER = MoliStudy.pch;
				INFOPLIST_FILE = MoliStudy/Info.plist;
				LD_RUNPATH_SEARCH_PATHS = "$(inherited) @executable_path/Frameworks";
				PRODUCT_BUNDLE_IDENTIFIER = com.molistudy.MoliStudy;
				PRODUCT_NAME = "$(TARGET_NAME)";
			};
			name = Release;
		};
		AC39B93A1BFF649B001CE453 /* Debug */ = {
			isa = XCBuildConfiguration;
			buildSettings = {
				BUNDLE_LOADER = "$(TEST_HOST)";
				INFOPLIST_FILE = MoliStudyTests/Info.plist;
				LD_RUNPATH_SEARCH_PATHS = "$(inherited) @executable_path/Frameworks @loader_path/Frameworks";
				PRODUCT_BUNDLE_IDENTIFIER = com.molistudy.MoliStudyTests;
				PRODUCT_NAME = "$(TARGET_NAME)";
				TEST_HOST = "$(BUILT_PRODUCTS_DIR)/MoliStudy.app/MoliStudy";
			};
			name = Debug;
		};
		AC39B93B1BFF649B001CE453 /* Release */ = {
			isa = XCBuildConfiguration;
			buildSettings = {
				BUNDLE_LOADER = "$(TEST_HOST)";
				INFOPLIST_FILE = MoliStudyTests/Info.plist;
				LD_RUNPATH_SEARCH_PATHS = "$(inherited) @executable_path/Frameworks @loader_path/Frameworks";
				PRODUCT_BUNDLE_IDENTIFIER = com.molistudy.MoliStudyTests;
				PRODUCT_NAME = "$(TARGET_NAME)";
				TEST_HOST = "$(BUILT_PRODUCTS_DIR)/MoliStudy.app/MoliStudy";
			};
			name = Release;
		};
		AC39B93D1BFF649B001CE453 /* Debug */ = {
			isa = XCBuildConfiguration;
			buildSettings = {
				INFOPLIST_FILE = MoliStudyUITests/Info.plist;
				LD_RUNPATH_SEARCH_PATHS = "$(inherited) @executable_path/Frameworks @loader_path/Frameworks";
				PRODUCT_BUNDLE_IDENTIFIER = com.molistudy.MoliStudyUITests;
				PRODUCT_NAME = "$(TARGET_NAME)";
				TEST_TARGET_NAME = MoliStudy;
				USES_XCTRUNNER = YES;
			};
			name = Debug;
		};
		AC39B93E1BFF649B001CE453 /* Release */ = {
			isa = XCBuildConfiguration;
			buildSettings = {
				INFOPLIST_FILE = MoliStudyUITests/Info.plist;
				LD_RUNPATH_SEARCH_PATHS = "$(inherited) @executable_path/Frameworks @loader_path/Frameworks";
				PRODUCT_BUNDLE_IDENTIFIER = com.molistudy.MoliStudyUITests;
				PRODUCT_NAME = "$(TARGET_NAME)";
				TEST_TARGET_NAME = MoliStudy;
				USES_XCTRUNNER = YES;
			};
			name = Release;
		};
/* End XCBuildConfiguration section */

/* Begin XCConfigurationList section */
		AC39B9011BFF649A001CE453 /* Build configuration list for PBXProject "MoliStudy" */ = {
			isa = XCConfigurationList;
			buildConfigurations = (
				AC39B9341BFF649B001CE453 /* Debug */,
				AC39B9351BFF649B001CE453 /* Release */,
			);
			defaultConfigurationIsVisible = 0;
			defaultConfigurationName = Release;
		};
		AC39B9361BFF649B001CE453 /* Build configuration list for PBXNativeTarget "MoliStudy" */ = {
			isa = XCConfigurationList;
			buildConfigurations = (
				AC39B9371BFF649B001CE453 /* Debug */,
				AC39B9381BFF649B001CE453 /* Release */,
			);
			defaultConfigurationIsVisible = 0;
			defaultConfigurationName = Release;
		};
		AC39B9391BFF649B001CE453 /* Build configuration list for PBXNativeTarget "MoliStudyTests" */ = {
			isa = XCConfigurationList;
			buildConfigurations = (
				AC39B93A1BFF649B001CE453 /* Debug */,
				AC39B93B1BFF649B001CE453 /* Release */,
			);
			defaultConfigurationIsVisible = 0;
			defaultConfigurationName = Release;
		};
		AC39B93C1BFF649B001CE453 /* Build configuration list for PBXNativeTarget "MoliStudyUITests" */ = {
			isa = XCConfigurationList;
			buildConfigurations = (
				AC39B93D1BFF649B001CE453 /* Debug */,
				AC39B93E1BFF649B001CE453 /* Release */,
			);
			defaultConfigurationIsVisible = 0;
			defaultConfigurationName = Release;
		};
/* End XCConfigurationList section */

/* Begin XCVersionGroup section */
		AC39B9151BFF649A001CE453 /* MoliStudy.xcdatamodeld */ = {
			isa = XCVersionGroup;
			children = (
				AC39B9161BFF649A001CE453 /* MoliStudy.xcdatamodel */,
			);
			currentVersion = AC39B9161BFF649A001CE453 /* MoliStudy.xcdatamodel */;
			path = MoliStudy.xcdatamodeld;
			sourceTree = "<group>";
			versionGroupType = wrapper.xcdatamodel;
		};
/* End XCVersionGroup section */
	};
	rootObject = AC39B8FE1BFF649A001CE453 /* Project object */;
}
